
Microsoft Visual Studio Solution File, Format Version 12.00
# Visual Studio Version 16
VisualStudioVersion = 16.0.30621.155
MinimumVisualStudioVersion = 10.0.40219.1
Project("{FAE04EC0-301F-11D3-BF4B-00C04F79EFBC}") = "Neo4J_BE", "Neo4J_BE\Neo4J_BE.csproj", "{249107FA-1DCB-43FD-A4D2-4D2AF138D3B1}"
EndProject
Project("{FAE04EC0-301F-11D3-BF4B-00C04F79EFBC}") = "DataLayer", "DataLayer\DataLayer.csproj", "{31A879B9-C142-45B0-89D8-9433CE703DCF}"
EndProject
Global
	GlobalSection(SolutionConfigurationPlatforms) = preSolution
		Debug|Any CPU = Debug|Any CPU
		Release|Any CPU = Release|Any CPU
	EndGlobalSection
	GlobalSection(ProjectConfigurationPlatforms) = postSolution
		{249107FA-1DCB-43FD-A4D2-4D2AF138D3B1}.Debug|Any CPU.ActiveCfg = Debug|Any CPU
		{249107FA-1DCB-43FD-A4D2-4D2AF138D3B1}.Debug|Any CPU.Build.0 = Debug|Any CPU
		{249107FA-1DCB-43FD-A4D2-4D2AF138D3B1}.Release|Any CPU.ActiveCfg = Release|Any CPU
		{249107FA-1DCB-43FD-A4D2-4D2AF138D3B1}.Release|Any CPU.Build.0 = Release|Any CPU
		{31A879B9-C142-45B0-89D8-9433CE703DCF}.Debug|Any CPU.ActiveCfg = Debug|Any CPU
		{31A879B9-C142-45B0-89D8-9433CE703DCF}.Debug|Any CPU.Build.0 = Debug|Any CPU
		{31A879B9-C142-45B0-89D8-9433CE703DCF}.Release|Any CPU.ActiveCfg = Release|Any CPU
		{31A879B9-C142-45B0-89D8-9433CE703DCF}.Release|Any CPU.Build.0 = Release|Any CPU
	EndGlobalSection
	GlobalSection(SolutionProperties) = preSolution
		HideSolutionNode = FALSE
	EndGlobalSection
	GlobalSection(ExtensibilityGlobals) = postSolution
		SolutionGuid = {BB09F7BF-D5A2-47A8-869F-1659668C7ACC}
	EndGlobalSection
EndGlobal
